
Microsoft Visual Studio Solution File, Format Version 12.00
# Visual Studio Version 17
VisualStudioVersion = 17.0.31903.59
MinimumVisualStudioVersion = 10.0.40219.1
Project("{2150E333-8FDC-42A3-9474-1A3956D46DE8}") = "src", "src", "{827E0CD3-B72D-47B6-A68D-7590B98EB39B}"
EndProject
Project("{FAE04EC0-301F-11D3-BF4B-00C04F79EFBC}") = "KARider.Domain", "src\KARider.Domain\KARider.Domain.csproj", "{FD37A18B-F5AB-47AB-9C69-4688A10485A0}"
EndProject
Project("{FAE04EC0-301F-11D3-BF4B-00C04F79EFBC}") = "KARider.Application", "src\KARider.Application\KARider.Application.csproj", "{7B9EECDB-5C08-42B1-8718-BD7F83E425DD}"
EndProject
Project("{FAE04EC0-301F-11D3-BF4B-00C04F79EFBC}") = "KARider.Infrastructure", "src\KARider.Infrastructure\KARider.Infrastructure.csproj", "{EF0C01A4-16C9-4387-86B4-D1905C6EAAE5}"
EndProject
Project("{FAE04EC0-301F-11D3-BF4B-00C04F79EFBC}") = "KARider.API", "src\KARider.API\KARider.API.csproj", "{91B44319-A93E-4ACF-8276-3C4E5C6A1181}"
EndProject
Project("{2150E333-8FDC-42A3-9474-1A3956D46DE8}") = "tests", "tests", "{0AB3BF05-4346-4AA6-1389-037BE0695223}"
EndProject
Project("{FAE04EC0-301F-11D3-BF4B-00C04F79EFBC}") = "KARider.UnitTests", "tests\KARider.UnitTests\KARider.UnitTests.csproj", "{2D2A6219-B92A-40F0-BFA1-3B26175FAA85}"
EndProject
Global
	GlobalSection(SolutionConfigurationPlatforms) = preSolution
		Debug|Any CPU = Debug|Any CPU
		Debug|x64 = Debug|x64
		Debug|x86 = Debug|x86
		Release|Any CPU = Release|Any CPU
		Release|x64 = Release|x64
		Release|x86 = Release|x86
	EndGlobalSection
	GlobalSection(ProjectConfigurationPlatforms) = postSolution
		{FD37A18B-F5AB-47AB-9C69-4688A10485A0}.Debug|Any CPU.ActiveCfg = Debug|Any CPU
		{FD37A18B-F5AB-47AB-9C69-4688A10485A0}.Debug|Any CPU.Build.0 = Debug|Any CPU
		{FD37A18B-F5AB-47AB-9C69-4688A10485A0}.Debug|x64.ActiveCfg = Debug|Any CPU
		{FD37A18B-F5AB-47AB-9C69-4688A10485A0}.Debug|x64.Build.0 = Debug|Any CPU
		{FD37A18B-F5AB-47AB-9C69-4688A10485A0}.Debug|x86.ActiveCfg = Debug|Any CPU
		{FD37A18B-F5AB-47AB-9C69-4688A10485A0}.Debug|x86.Build.0 = Debug|Any CPU
		{FD37A18B-F5AB-47AB-9C69-4688A10485A0}.Release|Any CPU.ActiveCfg = Release|Any CPU
		{FD37A18B-F5AB-47AB-9C69-4688A10485A0}.Release|Any CPU.Build.0 = Release|Any CPU
		{FD37A18B-F5AB-47AB-9C69-4688A10485A0}.Release|x64.ActiveCfg = Release|Any CPU
		{FD37A18B-F5AB-47AB-9C69-4688A10485A0}.Release|x64.Build.0 = Release|Any CPU
		{FD37A18B-F5AB-47AB-9C69-4688A10485A0}.Release|x86.ActiveCfg = Release|Any CPU
		{FD37A18B-F5AB-47AB-9C69-4688A10485A0}.Release|x86.Build.0 = Release|Any CPU
		{7B9EECDB-5C08-42B1-8718-BD7F83E425DD}.Debug|Any CPU.ActiveCfg = Debug|Any CPU
		{7B9EECDB-5C08-42B1-8718-BD7F83E425DD}.Debug|Any CPU.Build.0 = Debug|Any CPU
		{7B9EECDB-5C08-42B1-8718-BD7F83E425DD}.Debug|x64.ActiveCfg = Debug|Any CPU
		{7B9EECDB-5C08-42B1-8718-BD7F83E425DD}.Debug|x64.Build.0 = Debug|Any CPU
		{7B9EECDB-5C08-42B1-8718-BD7F83E425DD}.Debug|x86.ActiveCfg = Debug|Any CPU
		{7B9EECDB-5C08-42B1-8718-BD7F83E425DD}.Debug|x86.Build.0 = Debug|Any CPU
		{7B9EECDB-5C08-42B1-8718-BD7F83E425DD}.Release|Any CPU.ActiveCfg = Release|Any CPU
		{7B9EECDB-5C08-42B1-8718-BD7F83E425DD}.Release|Any CPU.Build.0 = Release|Any CPU
		{7B9EECDB-5C08-42B1-8718-BD7F83E425DD}.Release|x64.ActiveCfg = Release|Any CPU
		{7B9EECDB-5C08-42B1-8718-BD7F83E425DD}.Release|x64.Build.0 = Release|Any CPU
		{7B9EECDB-5C08-42B1-8718-BD7F83E425DD}.Release|x86.ActiveCfg = Release|Any CPU
		{7B9EECDB-5C08-42B1-8718-BD7F83E425DD}.Release|x86.Build.0 = Release|Any CPU
		{EF0C01A4-16C9-4387-86B4-D1905C6EAAE5}.Debug|Any CPU.ActiveCfg = Debug|Any CPU
		{EF0C01A4-16C9-4387-86B4-D1905C6EAAE5}.Debug|Any CPU.Build.0 = Debug|Any CPU
		{EF0C01A4-16C9-4387-86B4-D1905C6EAAE5}.Debug|x64.ActiveCfg = Debug|Any CPU
		{EF0C01A4-16C9-4387-86B4-D1905C6EAAE5}.Debug|x64.Build.0 = Debug|Any CPU
		{EF0C01A4-16C9-4387-86B4-D1905C6EAAE5}.Debug|x86.ActiveCfg = Debug|Any CPU
		{EF0C01A4-16C9-4387-86B4-D1905C6EAAE5}.Debug|x86.Build.0 = Debug|Any CPU
		{EF0C01A4-16C9-4387-86B4-D1905C6EAAE5}.Release|Any CPU.ActiveCfg = Release|Any CPU
		{EF0C01A4-16C9-4387-86B4-D1905C6EAAE5}.Release|Any CPU.Build.0 = Release|Any CPU
		{EF0C01A4-16C9-4387-86B4-D1905C6EAAE5}.Release|x64.ActiveCfg = Release|Any CPU
		{EF0C01A4-16C9-4387-86B4-D1905C6EAAE5}.Release|x64.Build.0 = Release|Any CPU
		{EF0C01A4-16C9-4387-86B4-D1905C6EAAE5}.Release|x86.ActiveCfg = Release|Any CPU
		{EF0C01A4-16C9-4387-86B4-D1905C6EAAE5}.Release|x86.Build.0 = Release|Any CPU
		{91B44319-A93E-4ACF-8276-3C4E5C6A1181}.Debug|Any CPU.ActiveCfg = Debug|Any CPU
		{91B44319-A93E-4ACF-8276-3C4E5C6A1181}.Debug|Any CPU.Build.0 = Debug|Any CPU
		{91B44319-A93E-4ACF-8276-3C4E5C6A1181}.Debug|x64.ActiveCfg = Debug|Any CPU
		{91B44319-A93E-4ACF-8276-3C4E5C6A1181}.Debug|x64.Build.0 = Debug|Any CPU
		{91B44319-A93E-4ACF-8276-3C4E5C6A1181}.Debug|x86.ActiveCfg = Debug|Any CPU
		{91B44319-A93E-4ACF-8276-3C4E5C6A1181}.Debug|x86.Build.0 = Debug|Any CPU
		{91B44319-A93E-4ACF-8276-3C4E5C6A1181}.Release|Any CPU.ActiveCfg = Release|Any CPU
		{91B44319-A93E-4ACF-8276-3C4E5C6A1181}.Release|Any CPU.Build.0 = Release|Any CPU
		{91B44319-A93E-4ACF-8276-3C4E5C6A1181}.Release|x64.ActiveCfg = Release|Any CPU
		{91B44319-A93E-4ACF-8276-3C4E5C6A1181}.Release|x64.Build.0 = Release|Any CPU
		{91B44319-A93E-4ACF-8276-3C4E5C6A1181}.Release|x86.ActiveCfg = Release|Any CPU
		{91B44319-A93E-4ACF-8276-3C4E5C6A1181}.Release|x86.Build.0 = Release|Any CPU
		{2D2A6219-B92A-40F0-BFA1-3B26175FAA85}.Debug|Any CPU.ActiveCfg = Debug|Any CPU
		{2D2A6219-B92A-40F0-BFA1-3B26175FAA85}.Debug|Any CPU.Build.0 = Debug|Any CPU
		{2D2A6219-B92A-40F0-BFA1-3B26175FAA85}.Debug|x64.ActiveCfg = Debug|Any CPU
		{2D2A6219-B92A-40F0-BFA1-3B26175FAA85}.Debug|x64.Build.0 = Debug|Any CPU
		{2D2A6219-B92A-40F0-BFA1-3B26175FAA85}.Debug|x86.ActiveCfg = Debug|Any CPU
		{2D2A6219-B92A-40F0-BFA1-3B26175FAA85}.Debug|x86.Build.0 = Debug|Any CPU
		{2D2A6219-B92A-40F0-BFA1-3B26175FAA85}.Release|Any CPU.ActiveCfg = Release|Any CPU
		{2D2A6219-B92A-40F0-BFA1-3B26175FAA85}.Release|Any CPU.Build.0 = Release|Any CPU
		{2D2A6219-B92A-40F0-BFA1-3B26175FAA85}.Release|x64.ActiveCfg = Release|Any CPU
		{2D2A6219-B92A-40F0-BFA1-3B26175FAA85}.Release|x64.Build.0 = Release|Any CPU
		{2D2A6219-B92A-40F0-BFA1-3B26175FAA85}.Release|x86.ActiveCfg = Release|Any CPU
		{2D2A6219-B92A-40F0-BFA1-3B26175FAA85}.Release|x86.Build.0 = Release|Any CPU
	EndGlobalSection
	GlobalSection(SolutionProperties) = preSolution
		HideSolutionNode = FALSE
	EndGlobalSection
	GlobalSection(NestedProjects) = preSolution
		{FD37A18B-F5AB-47AB-9C69-4688A10485A0} = {827E0CD3-B72D-47B6-A68D-7590B98EB39B}
		{7B9EECDB-5C08-42B1-8718-BD7F83E425DD} = {827E0CD3-B72D-47B6-A68D-7590B98EB39B}
		{EF0C01A4-16C9-4387-86B4-D1905C6EAAE5} = {827E0CD3-B72D-47B6-A68D-7590B98EB39B}
		{91B44319-A93E-4ACF-8276-3C4E5C6A1181} = {827E0CD3-B72D-47B6-A68D-7590B98EB39B}
		{2D2A6219-B92A-40F0-BFA1-3B26175FAA85} = {0AB3BF05-4346-4AA6-1389-037BE0695223}
	EndGlobalSection
EndGlobal
